
Microsoft Visual Studio Solution File, Format Version 12.00
# Visual Studio Version 17
VisualStudioVersion = 17.10.35004.147
MinimumVisualStudioVersion = 10.0.40219.1
Project("{9A19103F-16F7-4668-BE54-9A1E7A4F7556}") = "IndexCheques", "IndexCheques\IndexCheques.csproj", "{5E9115FF-105F-4040-B918-82E48D9AD620}"
EndProject
Project("{9A19103F-16F7-4668-BE54-9A1E7A4F7556}") = "Domain", "Domain\Domain.csproj", "{0B4A3C96-7474-4B9D-AC3A-3224F8063052}"
EndProject
Project("{9A19103F-16F7-4668-BE54-9A1E7A4F7556}") = "ApplicationCore", "Application\ApplicationCore.csproj", "{A79537BA-70CD-4648-A29E-3AA85BBAF0CE}"
EndProject
Project("{9A19103F-16F7-4668-BE54-9A1E7A4F7556}") = "Infrastructure", "Infrastructure\Infrastructure.csproj", "{7B641E10-F360-4D28-ADA3-FE227F2B3AD4}"
EndProject
Global
	GlobalSection(SolutionConfigurationPlatforms) = preSolution
		Debug|Any CPU = Debug|Any CPU
		Debug|x86 = Debug|x86
		Release|Any CPU = Release|Any CPU
		Release|x86 = Release|x86
	EndGlobalSection
	GlobalSection(ProjectConfigurationPlatforms) = postSolution
		{5E9115FF-105F-4040-B918-82E48D9AD620}.Debug|Any CPU.ActiveCfg = Debug|Any CPU
		{5E9115FF-105F-4040-B918-82E48D9AD620}.Debug|Any CPU.Build.0 = Debug|Any CPU
		{5E9115FF-105F-4040-B918-82E48D9AD620}.Debug|Any CPU.Deploy.0 = Debug|Any CPU
		{5E9115FF-105F-4040-B918-82E48D9AD620}.Debug|x86.ActiveCfg = Debug|x86
		{5E9115FF-105F-4040-B918-82E48D9AD620}.Debug|x86.Build.0 = Debug|x86
		{5E9115FF-105F-4040-B918-82E48D9AD620}.Debug|x86.Deploy.0 = Debug|x86
		{5E9115FF-105F-4040-B918-82E48D9AD620}.Release|Any CPU.ActiveCfg = Release|Any CPU
		{5E9115FF-105F-4040-B918-82E48D9AD620}.Release|Any CPU.Build.0 = Release|Any CPU
		{5E9115FF-105F-4040-B918-82E48D9AD620}.Release|Any CPU.Deploy.0 = Release|Any CPU
		{5E9115FF-105F-4040-B918-82E48D9AD620}.Release|x86.ActiveCfg = Release|x86
		{5E9115FF-105F-4040-B918-82E48D9AD620}.Release|x86.Build.0 = Release|x86
		{5E9115FF-105F-4040-B918-82E48D9AD620}.Release|x86.Deploy.0 = Release|x86
		{0B4A3C96-7474-4B9D-AC3A-3224F8063052}.Debug|Any CPU.ActiveCfg = Debug|Any CPU
		{0B4A3C96-7474-4B9D-AC3A-3224F8063052}.Debug|Any CPU.Build.0 = Debug|Any CPU
		{0B4A3C96-7474-4B9D-AC3A-3224F8063052}.Debug|x86.ActiveCfg = Debug|Any CPU
		{0B4A3C96-7474-4B9D-AC3A-3224F8063052}.Debug|x86.Build.0 = Debug|Any CPU
		{0B4A3C96-7474-4B9D-AC3A-3224F8063052}.Release|Any CPU.ActiveCfg = Release|Any CPU
		{0B4A3C96-7474-4B9D-AC3A-3224F8063052}.Release|Any CPU.Build.0 = Release|Any CPU
		{0B4A3C96-7474-4B9D-AC3A-3224F8063052}.Release|x86.ActiveCfg = Release|Any CPU
		{0B4A3C96-7474-4B9D-AC3A-3224F8063052}.Release|x86.Build.0 = Release|Any CPU
		{A79537BA-70CD-4648-A29E-3AA85BBAF0CE}.Debug|Any CPU.ActiveCfg = Debug|Any CPU
		{A79537BA-70CD-4648-A29E-3AA85BBAF0CE}.Debug|Any CPU.Build.0 = Debug|Any CPU
		{A79537BA-70CD-4648-A29E-3AA85BBAF0CE}.Debug|x86.ActiveCfg = Debug|Any CPU
		{A79537BA-70CD-4648-A29E-3AA85BBAF0CE}.Debug|x86.Build.0 = Debug|Any CPU
		{A79537BA-70CD-4648-A29E-3AA85BBAF0CE}.Release|Any CPU.ActiveCfg = Release|Any CPU
		{A79537BA-70CD-4648-A29E-3AA85BBAF0CE}.Release|Any CPU.Build.0 = Release|Any CPU
		{A79537BA-70CD-4648-A29E-3AA85BBAF0CE}.Release|x86.ActiveCfg = Release|Any CPU
		{A79537BA-70CD-4648-A29E-3AA85BBAF0CE}.Release|x86.Build.0 = Release|Any CPU
		{7B641E10-F360-4D28-ADA3-FE227F2B3AD4}.Debug|Any CPU.ActiveCfg = Debug|Any CPU
		{7B641E10-F360-4D28-ADA3-FE227F2B3AD4}.Debug|Any CPU.Build.0 = Debug|Any CPU
		{7B641E10-F360-4D28-ADA3-FE227F2B3AD4}.Debug|x86.ActiveCfg = Debug|Any CPU
		{7B641E10-F360-4D28-ADA3-FE227F2B3AD4}.Debug|x86.Build.0 = Debug|Any CPU
		{7B641E10-F360-4D28-ADA3-FE227F2B3AD4}.Release|Any CPU.ActiveCfg = Release|Any CPU
		{7B641E10-F360-4D28-ADA3-FE227F2B3AD4}.Release|Any CPU.Build.0 = Release|Any CPU
		{7B641E10-F360-4D28-ADA3-FE227F2B3AD4}.Release|x86.ActiveCfg = Release|Any CPU
		{7B641E10-F360-4D28-ADA3-FE227F2B3AD4}.Release|x86.Build.0 = Release|Any CPU
	EndGlobalSection
	GlobalSection(SolutionProperties) = preSolution
		HideSolutionNode = FALSE
	EndGlobalSection
	GlobalSection(ExtensibilityGlobals) = postSolution
		SolutionGuid = {2E38294A-62AF-4F50-9E2F-484B28BBD3B9}
	EndGlobalSection
EndGlobal
